packages:
  - name: dbt_utils
    package: dbt-labs/dbt_utils
    version: 1.4.1
  - git: https://github.com/dbt-labs/dbt-audit-helper.git
    name: audit_helper
    revision: 71817f0a7fa3df9f63adb90db0cf28f7423f720b
  - name: elementary
    package: elementary-data/elementary
    version: 0.25.1
sha1_hash: 2a92bbabb5de9026b1f461b5f7fa6317b74344a6
